
Microsoft Visual Studio Solution File, Format Version 12.00
# Visual Studio 15
VisualStudioVersion = 15.0.27703.2042
MinimumVisualStudioVersion = 10.0.40219.1
Project("{FAE04EC0-301F-11D3-BF4B-00C04F79EFBC}") = "APRIORI_SIEUTHI", "APRIORI_SIEUTHI\APRIORI_SIEUTHI.csproj", "{6FB955DF-6F19-412B-B915-E734721FDB29}"
EndProject
Global
	GlobalSection(SolutionConfigurationPlatforms) = preSolution
		Debug|Any CPU = Debug|Any CPU
		Release|Any CPU = Release|Any CPU
	EndGlobalSection
	GlobalSection(ProjectConfigurationPlatforms) = postSolution
		{6FB955DF-6F19-412B-B915-E734721FDB29}.Debug|Any CPU.ActiveCfg = Debug|Any CPU
		{6FB955DF-6F19-412B-B915-E734721FDB29}.Debug|Any CPU.Build.0 = Debug|Any CPU
		{6FB955DF-6F19-412B-B915-E734721FDB29}.Release|Any CPU.ActiveCfg = Release|Any CPU
		{6FB955DF-6F19-412B-B915-E734721FDB29}.Release|Any CPU.Build.0 = Release|Any CPU
	EndGlobalSection
	GlobalSection(SolutionProperties) = preSolution
		HideSolutionNode = FALSE
	EndGlobalSection
	GlobalSection(ExtensibilityGlobals) = postSolution
		SolutionGuid = {41927407-B7BD-4375-8629-D18B76ABC66A}
	EndGlobalSection
EndGlobal
